
Microsoft Visual Studio Solution File, Format Version 12.00
# Visual Studio Version 17
VisualStudioVersion = 17.14.36623.8
MinimumVisualStudioVersion = 10.0.40219.1
Project("{8BC9CEB8-8B4A-11D0-8D11-00A0C91BC942}") = "PracticeLSI", "PracticeLSI\PracticeLSI.vcxproj", "{7C628B43-6AC2-4398-AAC4-19B2FEFC7BCF}"
EndProject
Global
	GlobalSection(SolutionConfigurationPlatforms) = preSolution
		Debug|x64 = Debug|x64
		Debug|x86 = Debug|x86
		Release|x64 = Release|x64
		Release|x86 = Release|x86
	EndGlobalSection
	GlobalSection(ProjectConfigurationPlatforms) = postSolution
		{7C628B43-6AC2-4398-AAC4-19B2FEFC7BCF}.Debug|x64.ActiveCfg = Debug|x64
		{7C628B43-6AC2-4398-AAC4-19B2FEFC7BCF}.Debug|x64.Build.0 = Debug|x64
		{7C628B43-6AC2-4398-AAC4-19B2FEFC7BCF}.Debug|x86.ActiveCfg = Debug|Win32
		{7C628B43-6AC2-4398-AAC4-19B2FEFC7BCF}.Debug|x86.Build.0 = Debug|Win32
		{7C628B43-6AC2-4398-AAC4-19B2FEFC7BCF}.Release|x64.ActiveCfg = Release|x64
		{7C628B43-6AC2-4398-AAC4-19B2FEFC7BCF}.Release|x64.Build.0 = Release|x64
		{7C628B43-6AC2-4398-AAC4-19B2FEFC7BCF}.Release|x86.ActiveCfg = Release|Win32
		{7C628B43-6AC2-4398-AAC4-19B2FEFC7BCF}.Release|x86.Build.0 = Release|Win32
	EndGlobalSection
	GlobalSection(SolutionProperties) = preSolution
		HideSolutionNode = FALSE
	EndGlobalSection
	GlobalSection(ExtensibilityGlobals) = postSolution
		SolutionGuid = {BC3463A3-8AA8-43DF-A0F7-299561B6845F}
	EndGlobalSection
EndGlobal
