
Microsoft Visual Studio Solution File, Format Version 12.00
# Visual Studio Version 17
VisualStudioVersion = 17.14.36623.8 d17.14
MinimumVisualStudioVersion = 10.0.40219.1
Project("{8BC9CEB8-8B4A-11D0-8D11-00A0C91BC942}") = "Heap2", "Heap2\Heap2.vcxproj", "{C69E70C2-3EF8-41FA-B59A-203A9ED84F2D}"
EndProject
Global
	GlobalSection(SolutionConfigurationPlatforms) = preSolution
		Debug|x64 = Debug|x64
		Debug|x86 = Debug|x86
		Release|x64 = Release|x64
		Release|x86 = Release|x86
	EndGlobalSection
	GlobalSection(ProjectConfigurationPlatforms) = postSolution
		{C69E70C2-3EF8-41FA-B59A-203A9ED84F2D}.Debug|x64.ActiveCfg = Debug|x64
		{C69E70C2-3EF8-41FA-B59A-203A9ED84F2D}.Debug|x64.Build.0 = Debug|x64
		{C69E70C2-3EF8-41FA-B59A-203A9ED84F2D}.Debug|x86.ActiveCfg = Debug|Win32
		{C69E70C2-3EF8-41FA-B59A-203A9ED84F2D}.Debug|x86.Build.0 = Debug|Win32
		{C69E70C2-3EF8-41FA-B59A-203A9ED84F2D}.Release|x64.ActiveCfg = Release|x64
		{C69E70C2-3EF8-41FA-B59A-203A9ED84F2D}.Release|x64.Build.0 = Release|x64
		{C69E70C2-3EF8-41FA-B59A-203A9ED84F2D}.Release|x86.ActiveCfg = Release|Win32
		{C69E70C2-3EF8-41FA-B59A-203A9ED84F2D}.Release|x86.Build.0 = Release|Win32
	EndGlobalSection
	GlobalSection(SolutionProperties) = preSolution
		HideSolutionNode = FALSE
	EndGlobalSection
	GlobalSection(ExtensibilityGlobals) = postSolution
		SolutionGuid = {11513BCC-EDE6-43A2-876E-3669ABF27DF1}
	EndGlobalSection
EndGlobal
